
Microsoft Visual Studio Solution File, Format Version 12.00
# Visual Studio 15
VisualStudioVersion = 15.0.33403.129
MinimumVisualStudioVersion = 10.0.40219.1
Project("{FAE04EC0-301F-11D3-BF4B-00C04F79EFBC}") = "WebApplication1", "WebApplication1\WebApplication1.csproj", "{22EDBB5F-1FE8-4A34-A60F-6CD3CAC802CA}"
EndProject
Project("{FAE04EC0-301F-11D3-BF4B-00C04F79EFBC}") = "WebApplication1.Tests", "WebApplication1.Tests\WebApplication1.Tests.csproj", "{41BAB215-E59C-4C6F-8DF6-807621428897}"
EndProject
Global
	GlobalSection(SolutionConfigurationPlatforms) = preSolution
		Debug|Any CPU = Debug|Any CPU
		Release|Any CPU = Release|Any CPU
	EndGlobalSection
	GlobalSection(ProjectConfigurationPlatforms) = postSolution
		{22EDBB5F-1FE8-4A34-A60F-6CD3CAC802CA}.Debug|Any CPU.ActiveCfg = Debug|Any CPU
		{22EDBB5F-1FE8-4A34-A60F-6CD3CAC802CA}.Debug|Any CPU.Build.0 = Debug|Any CPU
		{22EDBB5F-1FE8-4A34-A60F-6CD3CAC802CA}.Release|Any CPU.ActiveCfg = Release|Any CPU
		{22EDBB5F-1FE8-4A34-A60F-6CD3CAC802CA}.Release|Any CPU.Build.0 = Release|Any CPU
		{41BAB215-E59C-4C6F-8DF6-807621428897}.Debug|Any CPU.ActiveCfg = Debug|Any CPU
		{41BAB215-E59C-4C6F-8DF6-807621428897}.Debug|Any CPU.Build.0 = Debug|Any CPU
		{41BAB215-E59C-4C6F-8DF6-807621428897}.Release|Any CPU.ActiveCfg = Release|Any CPU
		{41BAB215-E59C-4C6F-8DF6-807621428897}.Release|Any CPU.Build.0 = Release|Any CPU
	EndGlobalSection
	GlobalSection(SolutionProperties) = preSolution
		HideSolutionNode = FALSE
	EndGlobalSection
	GlobalSection(ExtensibilityGlobals) = postSolution
		SolutionGuid = {07002D4A-0CAF-481F-901D-A110B0D2AFF0}
	EndGlobalSection
EndGlobal
